lockVersion: 2.0.0
id: 42d9d8a8-77fa-4425-bb76-7105cd157968
management:
  docChecksum: 94c6fe0617e2b9f13f609791ca3e1d37
  docVersion: 0.0.1
  speakeasyVersion: 1.231.0
  generationVersion: 2.292.0
  releaseVersion: 2.4.0
  configChecksum: 45d1217411bbccc0a68fae37de7f183d
  repoURL: https://github.com/hathora/cloud-sdk-typescript.git
  repoSubDirectory: .
  installationURL: https://github.com/hathora/cloud-sdk-typescript
  published: true
features:
  typescript:
    acceptHeaders: 2.81.1
    constsAndDefaults: 0.1.5
    core: 3.7.0
    deprecations: 2.81.1
    flattening: 2.81.1
    globalSecurity: 2.82.8
    globalServerURLs: 2.82.4
    globals: 2.82.1
    methodSecurity: 2.82.4
    responseFormat: 0.2.3
    unions: 2.85.3
generatedFiles:
  - src/sdk/appv1.ts
  - src/sdk/authv1.ts
  - src/sdk/billingv1.ts
  - src/sdk/buildv1.ts
  - src/sdk/deploymentv1.ts
  - src/sdk/discoveryv1.ts
  - src/sdk/lobbyv1.ts
  - src/sdk/lobbyv2.ts
  - src/sdk/lobbyv3sdk.ts
  - src/sdk/logv1.ts
  - src/sdk/managementv1.ts
  - src/sdk/metricsv1.ts
  - src/sdk/processesv1.ts
  - src/sdk/processesv2.ts
  - src/sdk/roomv1.ts
  - src/sdk/roomv2.ts
  - src/sdk/orgtokensv1.ts
  - src/sdk/sdk.ts
  - .eslintrc.js
  - .npmignore
  - RUNTIMES.md
  - package.json
  - src/index.ts
  - src/lib/base64.ts
  - src/lib/config.ts
  - src/lib/encodings.ts
  - src/lib/http.ts
  - src/lib/retries.ts
  - src/lib/schemas.ts
  - src/lib/sdks.ts
  - src/lib/security.ts
  - src/lib/url.ts
  - src/sdk/index.ts
  - src/models/sdkerror.ts
  - src/models/sdkvalidationerror.ts
  - src/types/blobs.ts
  - src/types/index.ts
  - src/types/operations.ts
  - src/types/rfcdate.ts
  - tsconfig.json
  - src/models/createappop.ts
  - src/models/application.ts
  - src/models/authconfiguration.ts
  - src/models/recordstringnever.ts
  - src/models/apierror.ts
  - src/models/appconfig.ts
  - src/models/deleteappop.ts
  - src/models/getappinfoop.ts
  - src/models/getappsop.ts
  - src/models/applicationwithlatestdeploymentandbuild.ts
  - src/models/planname.ts
  - src/models/containerport.ts
  - src/models/transporttype.ts
  - src/models/build.ts
  - src/models/buildstatus.ts
  - src/models/region.ts
  - src/models/updateappop.ts
  - src/models/loginanonymousop.ts
  - src/models/loginresponse.ts
  - src/models/logingoogleop.ts
  - src/models/logingooglerequest.ts
  - src/models/loginnicknameop.ts
  - src/models/loginnicknamerequest.ts
  - src/models/getbalanceop.ts
  - src/models/getinvoicesop.ts
  - src/models/invoice.ts
  - src/models/invoicestatus.ts
  - src/models/getpaymentmethodop.ts
  - src/models/paymentmethod.ts
  - src/models/linkpaymentmethod.ts
  - src/models/cardpaymentmethod.ts
  - src/models/cardbrand.ts
  - src/models/achpaymentmethod.ts
  - src/models/initstripecustomerportalurlop.ts
  - src/models/customerportalurl.ts
  - src/models/createbuildop.ts
  - src/models/createbuildparams.ts
  - src/models/deletebuildop.ts
  - src/models/getbuildinfoop.ts
  - src/models/getbuildsop.ts
  - src/models/runbuildop.ts
  - src/models/createdeploymentop.ts
  - src/models/deployment.ts
  - src/models/deploymentconfig.ts
  - src/models/getdeploymentinfoop.ts
  - src/models/getdeploymentsop.ts
  - src/models/getlatestdeploymentop.ts
  - src/models/getpingserviceendpointsop.ts
  - src/models/discoveryresponse.ts
  - src/models/createprivatelobbydeprecatedop.ts
  - src/models/createpubliclobbydeprecatedop.ts
  - src/models/listactivepubliclobbiesdeprecatedv1op.ts
  - src/models/lobby.ts
  - src/models/lobbyvisibility.ts
  - src/models/lobbyinitialconfig.ts
  - src/models/createlobbydeprecatedop.ts
  - src/models/createlobbyparams.ts
  - src/models/createlocallobbyop.ts
  - src/models/createprivatelobbyop.ts
  - src/models/createpubliclobbyop.ts
  - src/models/getlobbyinfoop.ts
  - src/models/listactivepubliclobbiesdeprecatedv2op.ts
  - src/models/setlobbystateop.ts
  - src/models/setlobbystateparams.ts
  - src/models/createlobbyop.ts
  - src/models/lobbyv3.ts
  - src/models/createlobbyv3params.ts
  - src/models/getlobbyinfobyroomidop.ts
  - src/models/getlobbyinfobyshortcodeop.ts
  - src/models/listactivepubliclobbiesop.ts
  - src/models/downloadlogforprocessop.ts
  - src/models/getlogsforappop.ts
  - src/models/getlogsfordeploymentop.ts
  - src/models/getlogsforprocessop.ts
  - src/models/sendverificationemailop.ts
  - src/models/verificationemailresponse.ts
  - src/models/verificationemailrequest.ts
  - src/models/getmetricsop.ts
  - src/models/metricsresponse.ts
  - src/models/metricvalue.ts
  - src/models/metricname.ts
  - src/models/getprocessinfodeprecatedop.ts
  - src/models/process.ts
  - src/models/exposedport.ts
  - src/models/getrunningprocessesop.ts
  - src/models/processwithrooms.ts
  - src/models/roomwithoutallocations.ts
  - src/models/roomstatus.ts
  - src/models/getstoppedprocessesop.ts
  - src/models/createprocessop.ts
  - src/models/processv2.ts
  - src/models/processstatus.ts
  - src/models/getlatestprocessesop.ts
  - src/models/getprocessinfoop.ts
  - src/models/stopprocessop.ts
  - src/models/createroomdeprecatedop.ts
  - src/models/createroomparams.ts
  - src/models/destroyroomdeprecatedop.ts
  - src/models/getactiveroomsforprocessdeprecatedop.ts
  - src/models/getconnectioninfodeprecatedop.ts
  - src/models/connectioninfo.ts
  - src/models/startingconnectioninfo.ts
  - src/models/activeconnectioninfo.ts
  - src/models/getinactiveroomsforprocessdeprecatedop.ts
  - src/models/getroominfodeprecatedop.ts
  - src/models/room.ts
  - src/models/roomallocation.ts
  - src/models/suspendroomdeprecatedop.ts
  - src/models/createroomop.ts
  - src/models/createroomresponse.ts
  - src/models/destroyroomop.ts
  - src/models/getactiveroomsforprocessop.ts
  - src/models/getconnectioninfoop.ts
  - src/models/connectioninfov2.ts
  - src/models/getinactiveroomsforprocessop.ts
  - src/models/getroominfoop.ts
  - src/models/suspendroomop.ts
  - src/models/updateroomconfigop.ts
  - src/models/updateroomconfigparams.ts
  - src/models/createorgtokenop.ts
  - src/models/createdorgtoken.ts
  - src/models/orgtoken.ts
  - src/models/orgtokenstatus.ts
  - src/models/createorgtoken.ts
  - src/models/getorgtokensop.ts
  - src/models/listorgtokens.ts
  - src/models/revokeorgtokenop.ts
  - src/models/security.ts
  - src/models/index.ts
  - docs/models/createappresponse.md
  - docs/models/application.md
  - docs/models/google.md
  - docs/models/authconfiguration.md
  - docs/models/recordstringnever.md
  - docs/models/apierror.md
  - docs/models/appconfig.md
  - docs/models/deleteapprequest.md
  - docs/models/deleteappresponse.md
  - docs/models/getappinforequest.md
  - docs/models/getappinforesponse.md
  - docs/models/getappsresponse.md
  - docs/models/applicationwithlatestdeploymentandbuildenv.md
  - docs/models/applicationwithlatestdeploymentandbuildtransporttype.md
  - docs/models/applicationwithlatestdeploymentandbuilddeployment.md
  - docs/models/applicationwithlatestdeploymentandbuild.md
  - docs/models/planname.md
  - docs/models/containerport.md
  - docs/models/transporttype.md
  - docs/models/regionalcontainertags.md
  - docs/models/build.md
  - docs/models/buildstatus.md
  - docs/models/region.md
  - docs/models/updateapprequest.md
  - docs/models/updateappresponse.md
  - docs/models/loginanonymousrequest.md
  - docs/models/loginanonymousresponse.md
  - docs/models/loginresponse.md
  - docs/models/logingooglerequest1.md
  - docs/models/logingoogleresponse.md
  - docs/models/logingooglerequest.md
  - docs/models/loginnicknamerequest1.md
  - docs/models/loginnicknameresponse.md
  - docs/models/loginnicknamerequest.md
  - docs/models/getbalanceresponse.md
  - docs/models/getinvoicesresponse.md
  - docs/models/invoice.md
  - docs/models/invoicestatus.md
  - docs/models/getpaymentmethodresponse.md
  - docs/models/paymentmethod.md
  - docs/models/linkpaymentmethod.md
  - docs/models/cardpaymentmethod.md
  - docs/models/cardbrand.md
  - docs/models/achpaymentmethod.md
  - docs/models/initstripecustomerportalurlresponse.md
  - docs/models/customerportalurl.md
  - docs/models/createbuildrequest.md
  - docs/models/createbuildresponse.md
  - docs/models/createbuildparams.md
  - docs/models/deletebuildrequest.md
  - docs/models/deletebuildresponse.md
  - docs/models/getbuildinforequest.md
  - docs/models/getbuildinforesponse.md
  - docs/models/getbuildsrequest.md
  - docs/models/getbuildsresponse.md
  - docs/models/filet.md
  - docs/models/runbuildrequestbody.md
  - docs/models/runbuildrequest.md
  - docs/models/runbuildresponse.md
  - docs/models/createdeploymentrequest.md
  - docs/models/createdeploymentresponse.md
  - docs/models/env.md
  - docs/models/deploymenttransporttype.md
  - docs/models/deployment.md
  - docs/models/deploymentconfigenv.md
  - docs/models/deploymentconfig.md
  - docs/models/getdeploymentinforequest.md
  - docs/models/getdeploymentinforesponse.md
  - docs/models/getdeploymentsrequest.md
  - docs/models/getdeploymentsresponse.md
  - docs/models/getlatestdeploymentrequest.md
  - docs/models/getlatestdeploymentresponse.md
  - docs/models/getpingserviceendpointsresponse.md
  - docs/models/discoveryresponse.md
  - docs/models/createprivatelobbydeprecatedsecurity.md
  - docs/models/createprivatelobbydeprecatedrequest.md
  - docs/models/createprivatelobbydeprecatedresponse.md
  - docs/models/createpubliclobbydeprecatedsecurity.md
  - docs/models/createpubliclobbydeprecatedrequest.md
  - docs/models/createpubliclobbydeprecatedresponse.md
  - docs/models/listactivepubliclobbiesdeprecatedv1request.md
  - docs/models/listactivepubliclobbiesdeprecatedv1response.md
  - docs/models/state.md
  - docs/models/lobby.md
  - docs/models/lobbyvisibility.md
  - docs/models/lobbyinitialconfig.md
  - docs/models/createlobbydeprecatedsecurity.md
  - docs/models/createlobbydeprecatedrequest.md
  - docs/models/createlobbydeprecatedresponse.md
  - docs/models/createlobbyparams.md
  - docs/models/createlocallobbysecurity.md
  - docs/models/createlocallobbyrequestbody.md
  - docs/models/createlocallobbyrequest.md
  - docs/models/createlocallobbyresponse.md
  - docs/models/createprivatelobbysecurity.md
  - docs/models/createprivatelobbyrequestbody.md
  - docs/models/createprivatelobbyrequest.md
  - docs/models/createprivatelobbyresponse.md
  - docs/models/createpubliclobbysecurity.md
  - docs/models/createpubliclobbyrequestbody.md
  - docs/models/createpubliclobbyrequest.md
  - docs/models/createpubliclobbyresponse.md
  - docs/models/getlobbyinforequest.md
  - docs/models/getlobbyinforesponse.md
  - docs/models/listactivepubliclobbiesdeprecatedv2request.md
  - docs/models/listactivepubliclobbiesdeprecatedv2response.md
  - docs/models/setlobbystaterequest.md
  - docs/models/setlobbystateresponse.md
  - docs/models/setlobbystateparamsstate.md
  - docs/models/setlobbystateparams.md
  - docs/models/createlobbysecurity.md
  - docs/models/createlobbyrequest.md
  - docs/models/createlobbyresponse.md
  - docs/models/lobbyv3.md
  - docs/models/createlobbyv3params.md
  - docs/models/getlobbyinfobyroomidrequest.md
  - docs/models/getlobbyinfobyroomidresponse.md
  - docs/models/getlobbyinfobyshortcoderequest.md
  - docs/models/getlobbyinfobyshortcoderesponse.md
  - docs/models/listactivepubliclobbiesrequest.md
  - docs/models/listactivepubliclobbiesresponse.md
  - docs/models/downloadlogforprocessrequest.md
  - docs/models/downloadlogforprocessresponse.md
  - docs/models/getlogsforapprequest.md
  - docs/models/getlogsforappresponse.md
  - docs/models/getlogsfordeploymentrequest.md
  - docs/models/getlogsfordeploymentresponse.md
  - docs/models/getlogsforprocessrequest.md
  - docs/models/getlogsforprocessresponse.md
  - docs/models/sendverificationemailresponse.md
  - docs/models/verificationemailresponsestatus.md
  - docs/models/verificationemailresponse.md
  - docs/models/verificationemailrequest.md
  - docs/models/getmetricsrequest.md
  - docs/models/getmetricsresponse.md
  - docs/models/metricsresponse.md
  - docs/models/metricvalue.md
  - docs/models/metricname.md
  - docs/models/getprocessinfodeprecatedrequest.md
  - docs/models/getprocessinfodeprecatedresponse.md
  - docs/models/processexposedport.md
  - docs/models/process.md
  - docs/models/exposedport.md
  - docs/models/getrunningprocessesrequest.md
  - docs/models/getrunningprocessesresponse.md
  - docs/models/processwithroomsexposedport.md
  - docs/models/processwithrooms.md
  - docs/models/roomwithoutallocationscurrentallocation.md
  - docs/models/roomwithoutallocations.md
  - docs/models/roomstatus.md
  - docs/models/getstoppedprocessesrequest.md
  - docs/models/getstoppedprocessesresponse.md
  - docs/models/createprocessrequest.md
  - docs/models/createprocessresponse.md
  - docs/models/processv2exposedport.md
  - docs/models/processv2.md
  - docs/models/processstatus.md
  - docs/models/getlatestprocessesrequest.md
  - docs/models/getlatestprocessesresponse.md
  - docs/models/getprocessinforequest.md
  - docs/models/getprocessinforesponse.md
  - docs/models/stopprocessrequest.md
  - docs/models/stopprocessresponse.md
  - docs/models/createroomdeprecatedrequest.md
  - docs/models/createroomdeprecatedresponse.md
  - docs/models/createroomparams.md
  - docs/models/destroyroomdeprecatedrequest.md
  - docs/models/destroyroomdeprecatedresponse.md
  - docs/models/getactiveroomsforprocessdeprecatedrequest.md
  - docs/models/getactiveroomsforprocessdeprecatedresponse.md
  - docs/models/getconnectioninfodeprecatedrequest.md
  - docs/models/getconnectioninfodeprecatedresponse.md
  - docs/models/connectioninfo.md
  - docs/models/startingconnectioninfostatus.md
  - docs/models/startingconnectioninfo.md
  - docs/models/status.md
  - docs/models/activeconnectioninfo.md
  - docs/models/getinactiveroomsforprocessdeprecatedrequest.md
  - docs/models/getinactiveroomsforprocessdeprecatedresponse.md
  - docs/models/getroominfodeprecatedrequest.md
  - docs/models/getroominfodeprecatedresponse.md
  - docs/models/currentallocation.md
  - docs/models/room.md
  - docs/models/roomallocation.md
  - docs/models/suspendroomdeprecatedrequest.md
  - docs/models/suspendroomdeprecatedresponse.md
  - docs/models/createroomrequest.md
  - docs/models/createroomresponse1.md
  - docs/models/createroomresponsestatus.md
  - docs/models/createroomresponse.md
  - docs/models/destroyroomrequest.md
  - docs/models/destroyroomresponse.md
  - docs/models/getactiveroomsforprocessrequest.md
  - docs/models/getactiveroomsforprocessresponse.md
  - docs/models/getconnectioninforequest.md
  - docs/models/getconnectioninforesponse.md
  - docs/models/connectioninfov2status.md
  - docs/models/connectioninfov2.md
  - docs/models/getinactiveroomsforprocessrequest.md
  - docs/models/getinactiveroomsforprocessresponse.md
  - docs/models/getroominforequest.md
  - docs/models/getroominforesponse.md
  - docs/models/suspendroomrequest.md
  - docs/models/suspendroomresponse.md
  - docs/models/updateroomconfigrequest.md
  - docs/models/updateroomconfigresponse.md
  - docs/models/updateroomconfigparams.md
  - docs/models/createorgtokenrequest.md
  - docs/models/createorgtokenresponse.md
  - docs/models/createdorgtoken.md
  - docs/models/orgtoken.md
  - docs/models/orgtokenstatus.md
  - docs/models/createorgtoken.md
  - docs/models/getorgtokensrequest.md
  - docs/models/getorgtokensresponse.md
  - docs/models/listorgtokens.md
  - docs/models/revokeorgtokenrequest.md
  - docs/models/revokeorgtokenresponse.md
  - docs/models/security.md
  - docs/sdks/hathoracloud/README.md
  - docs/sdks/appv1/README.md
  - docs/sdks/authv1/README.md
  - docs/sdks/billingv1/README.md
  - docs/sdks/buildv1/README.md
  - docs/sdks/deploymentv1/README.md
  - docs/sdks/discoveryv1/README.md
  - docs/sdks/lobbyv1/README.md
  - docs/sdks/lobbyv2/README.md
  - docs/sdks/lobbyv3sdk/README.md
  - docs/sdks/logv1/README.md
  - docs/sdks/managementv1/README.md
  - docs/sdks/metricsv1/README.md
  - docs/sdks/processesv1/README.md
  - docs/sdks/processesv2/README.md
  - docs/sdks/roomv1/README.md
  - docs/sdks/roomv2/README.md
  - docs/sdks/orgtokensv1/README.md
  - USAGE.md
  - .gitattributes
  - src/hooks/hooks.ts
  - src/hooks/types.ts
  - src/hooks/index.ts
